// !$*UTF8*$!
{
	archiveVersion = 1;
	classes = {
	};
	objectVersion = 56;
	objects = {

/* Begin PBXBuildFile section */
		9B7466E6295EB14900048887 /* AppDelegate.swift in Sources */ = {isa = PBXBuildFile; fileRef = 9B7466E5295EB14900048887 /* AppDelegate.swift */; };
		9B7466E8295EB14900048887 /* SceneDelegate.swift in Sources */ = {isa = PBXBuildFile; fileRef = 9B7466E7295EB14900048887 /* SceneDelegate.swift */; };
		9B7466EA295EB14900048887 /* ViewController.swift in Sources */ = {isa = PBXBuildFile; fileRef = 9B7466E9295EB14900048887 /* ViewController.swift */; };
		9B7466ED295EB14900048887 /* Main.storyboard in Resources */ = {isa = PBXBuildFile; fileRef = 9B7466EB295EB14900048887 /* Main.storyboard */; };
		9B7466EF295EB14C00048887 /* Assets.xcassets in Resources */ = {isa = PBXBuildFile; fileRef = 9B7466EE295EB14C00048887 /* Assets.xcassets */; };
		9B7466F2295EB14C00048887 /* LaunchScreen.storyboard in Resources */ = {isa = PBXBuildFile; fileRef = 9B7466F0295EB14C00048887 /* LaunchScreen.storyboard */; };
		9B746700295EB15E00048887 /* ExampleTestUITests.swift in Sources */ = {isa = PBXBuildFile; fileRef = 9B7466FF295EB15E00048887 /* ExampleTestUITests.swift */; };
		9B746702295EB15E00048887 /* ExampleTestUITestsLaunchTests.swift in Sources */ = {isa = PBXBuildFile; fileRef = 9B746701295EB15E00048887 /* ExampleTestUITestsLaunchTests.swift */; };
		9B746709295EB1E500048887 /* SignupFlowUITests.swift in Sources */ = {isa = PBXBuildFile; fileRef = 9B746708295EB1E500048887 /* SignupFlowUITests.swift */; };
/* End PBXBuildFile section */

/* Begin PBXContainerItemProxy section */
		9B746703295EB15E00048887 /* PBXContainerItemProxy */ = {
			isa = PBXContainerItemProxy;
			containerPortal = 9B7466DA295EB14900048887 /* Project object */;
			proxyType = 1;
			remoteGlobalIDString = 9B7466E1295EB14900048887;
			remoteInfo = ExampleTest;
		};
/* End PBXContainerItemProxy section */

/* Begin PBXFileReference section */
		9B7466E2295EB14900048887 /* ExampleTest.app */ = {isa = PBXFileReference; explicitFileType = wrapper.application; includeInIndex = 0; path = ExampleTest.app; sourceTree = BUILT_PRODUCTS_DIR; };
		9B7466E5295EB14900048887 /* AppDelegate.swift */ = {isa = PBXFileReference; lastKnownFileType = sourcecode.swift; path = AppDelegate.swift; sourceTree = "<group>"; };
		9B7466E7295EB14900048887 /* SceneDelegate.swift */ = {isa = PBXFileReference; lastKnownFileType = sourcecode.swift; path = SceneDelegate.swift; sourceTree = "<group>"; };
		9B7466E9295EB14900048887 /* ViewController.swift */ = {isa = PBXFileReference; lastKnownFileType = sourcecode.swift; path = ViewController.swift; sourceTree = "<group>"; };
		9B7466EC295EB14900048887 /* Base */ = {isa = PBXFileReference; lastKnownFileType = file.storyboard; name = Base; path = Base.lproj/Main.storyboard; sourceTree = "<group>"; };
		9B7466EE295EB14C00048887 /* Assets.xcassets */ = {isa = PBXFileReference; lastKnownFileType = folder.assetcatalog; path = Assets.xcassets; sourceTree = "<group>"; };
		9B7466F1295EB14C00048887 /* Base */ = {isa = PBXFileReference; lastKnownFileType = file.storyboard; name = Base; path = Base.lproj/LaunchScreen.storyboard; sourceTree = "<group>"; };
		9B7466F3295EB14C00048887 /* Info.plist */ = {isa = PBXFileReference; lastKnownFileType = text.plist.xml; path = Info.plist; sourceTree = "<group>"; };
		9B7466FD295EB15E00048887 /* ExampleTestUITests.xctest */ = {isa = PBXFileReference; explicitFileType = wrapper.cfbundle; includeInIndex = 0; path = ExampleTestUITests.xctest; sourceTree = BUILT_PRODUCTS_DIR; };
		9B7466FF295EB15E00048887 /* ExampleTestUITests.swift */ = {isa = PBXFileReference; lastKnownFileType = sourcecode.swift; path = ExampleTestUITests.swift; sourceTree = "<group>"; };
		9B746701295EB15E00048887 /* ExampleTestUITestsLaunchTests.swift */ = {isa = PBXFileReference; lastKnownFileType = sourcecode.swift; path = ExampleTestUITestsLaunchTests.swift; sourceTree = "<group>"; };
		9B746708295EB1E500048887 /* SignupFlowUITests.swift */ = {isa = PBXFileReference; lastKnownFileType = sourcecode.swift; path = SignupFlowUITests.swift; sourceTree = "<group>"; };
/* End PBXFileReference section */

/* Begin PBXFrameworksBuildPhase section */
		9B7466DF295EB14900048887 /* Frameworks */ = {
			isa = PBXFrameworksBuildPhase;
			buildActionMask = 2147483647;
			files = (
			);
			runOnlyForDeploymentPostprocessing = 0;
		};
		9B7466FA295EB15E00048887 /* Frameworks */ = {
			isa = PBXFrameworksBuildPhase;
			buildActionMask = 2147483647;
			files = (
			);
			runOnlyForDeploymentPostprocessing = 0;
		};
/* End PBXFrameworksBuildPhase section */

/* Begin PBXGroup section */
		9B7466D9295EB14900048887 = {
			isa = PBXGroup;
			children = (
				9B7466E4295EB14900048887 /* ExampleTest */,
				9B7466FE295EB15E00048887 /* ExampleTestUITests */,
				9B7466E3295EB14900048887 /* Products */,
			);
			sourceTree = "<group>";
		};
		9B7466E3295EB14900048887 /* Products */ = {
			isa = PBXGroup;
			children = (
				9B7466E2295EB14900048887 /* ExampleTest.app */,
				9B7466FD295EB15E00048887 /* ExampleTestUITests.xctest */,
			);
			name = Products;
			sourceTree = "<group>";
		};
		9B7466E4295EB14900048887 /* ExampleTest */ = {
			isa = PBXGroup;
			children = (
				9B7466E5295EB14900048887 /* AppDelegate.swift */,
				9B7466E7295EB14900048887 /* SceneDelegate.swift */,
				9B7466E9295EB14900048887 /* ViewController.swift */,
				9B7466EB295EB14900048887 /* Main.storyboard */,
				9B7466EE295EB14C00048887 /* Assets.xcassets */,
				9B7466F0295EB14C00048887 /* LaunchScreen.storyboard */,
				9B7466F3295EB14C00048887 /* Info.plist */,
			);
			path = ExampleTest;
			sourceTree = "<group>";
		};
		9B7466FE295EB15E00048887 /* ExampleTestUITests */ = {
			isa = PBXGroup;
			children = (
				9B7466FF295EB15E00048887 /* ExampleTestUITests.swift */,
				9B746701295EB15E00048887 /* ExampleTestUITestsLaunchTests.swift */,
				9B746708295EB1E500048887 /* SignupFlowUITests.swift */,
			);
			path = ExampleTestUITests;
			sourceTree = "<group>";
		};
/* End PBXGroup section */

/* Begin PBXNativeTarget section */
		9B7466E1295EB14900048887 /* ExampleTest */ = {
			isa = PBXNativeTarget;
			buildConfigurationList = 9B7466F6295EB14C00048887 /* Build configuration list for PBXNativeTarget "ExampleTest" */;
			buildPhases = (
				9B7466DE295EB14900048887 /* Sources */,
				9B7466DF295EB14900048887 /* Frameworks */,
				9B7466E0295EB14900048887 /* Resources */,
			);
			buildRules = (
			);
			dependencies = (
			);
			name = ExampleTest;
			productName = ExampleTest;
			productReference = 9B7466E2295EB14900048887 /* ExampleTest.app */;
			productType = "com.apple.product-type.application";
		};
		9B7466FC295EB15E00048887 /* ExampleTestUITests */ = {
			isa = PBXNativeTarget;
			buildConfigurationList = 9B746705295EB15E00048887 /* Build configuration list for PBXNativeTarget "ExampleTestUITests" */;
			buildPhases = (
				9B7466F9295EB15E00048887 /* Sources */,
				9B7466FA295EB15E00048887 /* Frameworks */,
				9B7466FB295EB15E00048887 /* Resources */,
			);
			buildRules = (
			);
			dependencies = (
				9B746704295EB15E00048887 /* PBXTargetDependency */,
			);
			name = ExampleTestUITests;
			productName = ExampleTestUITests;
			productReference = 9B7466FD295EB15E00048887 /* ExampleTestUITests.xctest */;
			productType = "com.apple.product-type.bundle.ui-testing";
		};
/* End PBXNativeTarget section */

/* Begin PBXProject section */
		9B7466DA295EB14900048887 /* Project object */ = {
			isa = PBXProject;
			attributes = {
				BuildIndependentTargetsInParallel = 1;
				LastSwiftUpdateCheck = 1400;
				LastUpgradeCheck = 1400;
				TargetAttributes = {
					9B7466E1295EB14900048887 = {
						CreatedOnToolsVersion = 14.0.1;
					};
					9B7466FC295EB15E00048887 = {
						CreatedOnToolsVersion = 14.0.1;
						TestTargetID = 9B7466E1295EB14900048887;
					};
				};
			};
			buildConfigurationList = 9B7466DD295EB14900048887 /* Build configuration list for PBXProject "ExampleTest" */;
			compatibilityVersion = "Xcode 14.0";
			developmentRegion = en;
			hasScannedForEncodings = 0;
			knownRegions = (
				en,
				Base,
			);
			mainGroup = 9B7466D9295EB14900048887;
			productRefGroup = 9B7466E3295EB14900048887 /* Products */;
			projectDirPath = "";
			projectRoot = "";
			targets = (
				9B7466E1295EB14900048887 /* ExampleTest */,
				9B7466FC295EB15E00048887 /* ExampleTestUITests */,
			);
		};
/* End PBXProject section */

/* Begin PBXResourcesBuildPhase section */
		9B7466E0295EB14900048887 /* Resources */ = {
			isa = PBXResourcesBuildPhase;
			buildActionMask = 2147483647;
			files = (
				9B7466F2295EB14C00048887 /* LaunchScreen.storyboard in Resources */,
				9B7466EF295EB14C00048887 /* Assets.xcassets in Resources */,
				9B7466ED295EB14900048887 /* Main.storyboard in Resources */,
			);
			runOnlyForDeploymentPostprocessing = 0;
		};
		9B7466FB295EB15E00048887 /* Resources */ = {
			isa = PBXResourcesBuildPhase;
			buildActionMask = 2147483647;
			files = (
			);
			runOnlyForDeploymentPostprocessing = 0;
		};
/* End PBXResourcesBuildPhase section */

/* Begin PBXSourcesBuildPhase section */
		9B7466DE295EB14900048887 /* Sources */ = {
			isa = PBXSourcesBuildPhase;
			buildActionMask = 2147483647;
			files = (
				9B7466EA295EB14900048887 /* ViewController.swift in Sources */,
				9B7466E6295EB14900048887 /* AppDelegate.swift in Sources */,
				9B7466E8295EB14900048887 /* SceneDelegate.swift in Sources */,
			);
			runOnlyForDeploymentPostprocessing = 0;
		};
		9B7466F9295EB15E00048887 /* Sources */ = {
			isa = PBXSourcesBuildPhase;
			buildActionMask = 2147483647;
			files = (
				9B746709295EB1E500048887 /* SignupFlowUITests.swift in Sources */,
				9B746700295EB15E00048887 /* ExampleTestUITests.swift in Sources */,
				9B746702295EB15E00048887 /* ExampleTestUITestsLaunchTests.swift in Sources */,
			);
			runOnlyForDeploymentPostprocessing = 0;
		};
/* End PBXSourcesBuildPhase section */

/* Begin PBXTargetDependency section */
		9B746704295EB15E00048887 /* PBXTargetDependency */ = {
			isa = PBXTargetDependency;
			target = 9B7466E1295EB14900048887 /* ExampleTest */;
			targetProxy = 9B746703295EB15E00048887 /* PBXContainerItemProxy */;
		};
/* End PBXTargetDependency section */

/* Begin PBXVariantGroup section */
		9B7466EB295EB14900048887 /* Main.storyboard */ = {
			isa = PBXVariantGroup;
			children = (
				9B7466EC295EB14900048887 /* Base */,
			);
			name = Main.storyboard;
			sourceTree = "<group>";
		};
		9B7466F0295EB14C00048887 /* LaunchScreen.storyboard */ = {
			isa = PBXVariantGroup;
			children = (
				9B7466F1295EB14C00048887 /* Base */,
			);
			name = LaunchScreen.storyboard;
			sourceTree = "<group>";
		};
/* End PBXVariantGroup section */

/* Begin XCBuildConfiguration section */
		9B7466F4295EB14C00048887 /* Debug */ = {
			isa = XCBuildConfiguration;
			buildSettings = {
				ALWAYS_SEARCH_USER_PATHS = NO;
				CLANG_ANALYZER_NONNULL = YES;
				CLANG_ANALYZER_NUMBER_OBJECT_CONVERSION = YES_AGGRESSIVE;
				CLANG_CXX_LANGUAGE_STANDARD = "gnu++20";
				CLANG_ENABLE_MODULES = YES;
				CLANG_ENABLE_OBJC_ARC = YES;
				CLANG_ENABLE_OBJC_WEAK = YES;
				CLANG_WARN_BLOCK_CAPTURE_AUTORELEASING = YES;
				CLANG_WARN_BOOL_CONVERSION = YES;
				CLANG_WARN_COMMA = YES;
				CLANG_WARN_CONSTANT_CONVERSION = YES;
				CLANG_WARN_DEPRECATED_OBJC_IMPLEMENTATIONS = YES;
				CLANG_WARN_DIRECT_OBJC_ISA_USAGE = YES_ERROR;
				CLANG_WARN_DOCUMENTATION_COMMENTS = YES;
				CLANG_WARN_EMPTY_BODY = YES;
				CLANG_WARN_ENUM_CONVERSION = YES;
				CLANG_WARN_INFINITE_RECURSION = YES;
				CLANG_WARN_INT_CONVERSION = YES;
				CLANG_WARN_NON_LITERAL_NULL_CONVERSION = YES;
				CLANG_WARN_OBJC_IMPLICIT_RETAIN_SELF = YES;
				CLANG_WARN_OBJC_LITERAL_CONVERSION = YES;
				CLANG_WARN_OBJC_ROOT_CLASS = YES_ERROR;
				CLANG_WARN_QUOTED_INCLUDE_IN_FRAMEWORK_HEADER = YES;
				CLANG_WARN_RANGE_LOOP_ANALYSIS = YES;
				CLANG_WARN_STRICT_PROTOTYPES = YES;
				CLANG_WARN_SUSPICIOUS_MOVE = YES;
				CLANG_WARN_UNGUARDED_AVAILABILITY = YES_AGGRESSIVE;
				CLANG_WARN_UNREACHABLE_CODE = YES;
				CLANG_WARN__DUPLICATE_METHOD_MATCH = YES;
				COPY_PHASE_STRIP = NO;
				DEBUG_INFORMATION_FORMAT = dwarf;
				ENABLE_STRICT_OBJC_MSGSEND = YES;
				ENABLE_TESTABILITY = YES;
				GCC_C_LANGUAGE_STANDARD = gnu11;
				GCC_DYNAMIC_NO_PIC = NO;
				GCC_NO_COMMON_BLOCKS = YES;
				GCC_OPTIMIZATION_LEVEL = 0;
				GCC_PREPROCESSOR_DEFINITIONS = (
					"DEBUG=1",
					"$(inherited)",
				);
				GCC_WARN_64_TO_32_BIT_CONVERSION = YES;
				GCC_WARN_ABOUT_RETURN_TYPE = YES_ERROR;
				GCC_WARN_UNDECLARED_SELECTOR = YES;
				GCC_WARN_UNINITIALIZED_AUTOS = YES_AGGRESSIVE;
				GCC_WARN_UNUSED_FUNCTION = YES;
				GCC_WARN_UNUSED_VARIABLE = YES;
				IPHONEOS_DEPLOYMENT_TARGET = 16.0;
				MTL_ENABLE_DEBUG_INFO = INCLUDE_SOURCE;
				MTL_FAST_MATH = YES;
				ONLY_ACTIVE_ARCH = YES;
				SDKROOT = iphoneos;
				SWIFT_ACTIVE_COMPILATION_CONDITIONS = DEBUG;
				SWIFT_OPTIMIZATION_LEVEL = "-Onone";
			};
			name = Debug;
		};
		9B7466F5295EB14C00048887 /* Release */ = {
			isa = XCBuildConfiguration;
			buildSettings = {
				ALWAYS_SEARCH_USER_PATHS = NO;
				CLANG_ANALYZER_NONNULL = YES;
				CLANG_ANALYZER_NUMBER_OBJECT_CONVERSION = YES_AGGRESSIVE;
				CLANG_CXX_LANGUAGE_STANDARD = "gnu++20";
				CLANG_ENABLE_MODULES = YES;
				CLANG_ENABLE_OBJC_ARC = YES;
				CLANG_ENABLE_OBJC_WEAK = YES;
				CLANG_WARN_BLOCK_CAPTURE_AUTORELEASING = YES;
				CLANG_WARN_BOOL_CONVERSION = YES;
				CLANG_WARN_COMMA = YES;
				CLANG_WARN_CONSTANT_CONVERSION = YES;
				CLANG_WARN_DEPRECATED_OBJC_IMPLEMENTATIONS = YES;
				CLANG_WARN_DIRECT_OBJC_ISA_USAGE = YES_ERROR;
				CLANG_WARN_DOCUMENTATION_COMMENTS = YES;
				CLANG_WARN_EMPTY_BODY = YES;
				CLANG_WARN_ENUM_CONVERSION = YES;
				CLANG_WARN_INFINITE_RECURSION = YES;
				CLANG_WARN_INT_CONVERSION = YES;
				CLANG_WARN_NON_LITERAL_NULL_CONVERSION = YES;
				CLANG_WARN_OBJC_IMPLICIT_RETAIN_SELF = YES;
				CLANG_WARN_OBJC_LITERAL_CONVERSION = YES;
				CLANG_WARN_OBJC_ROOT_CLASS = YES_ERROR;
				CLANG_WARN_QUOTED_INCLUDE_IN_FRAMEWORK_HEADER = YES;
				CLANG_WARN_RANGE_LOOP_ANALYSIS = YES;
				CLANG_WARN_STRICT_PROTOTYPES = YES;
				CLANG_WARN_SUSPICIOUS_MOVE = YES;
				CLANG_WARN_UNGUARDED_AVAILABILITY = YES_AGGRESSIVE;
				CLANG_WARN_UNREACHABLE_CODE = YES;
				CLANG_WARN__DUPLICATE_METHOD_MATCH = YES;
				COPY_PHASE_STRIP = NO;
				DEBUG_INFORMATION_FORMAT = "dwarf-with-dsym";
				ENABLE_NS_ASSERTIONS = NO;
				ENABLE_STRICT_OBJC_MSGSEND = YES;
				GCC_C_LANGUAGE_STANDARD = gnu11;
				GCC_NO_COMMON_BLOCKS = YES;
				GCC_WARN_64_TO_32_BIT_CONVERSION = YES;
				GCC_WARN_ABOUT_RETURN_TYPE = YES_ERROR;
				GCC_WARN_UNDECLARED_SELECTOR = YES;
				GCC_WARN_UNINITIALIZED_AUTOS = YES_AGGRESSIVE;
				GCC_WARN_UNUSED_FUNCTION = YES;
				GCC_WARN_UNUSED_VARIABLE = YES;
				IPHONEOS_DEPLOYMENT_TARGET = 16.0;
				MTL_ENABLE_DEBUG_INFO = NO;
				MTL_FAST_MATH = YES;
				SDKROOT = iphoneos;
				SWIFT_COMPILATION_MODE = wholemodule;
				SWIFT_OPTIMIZATION_LEVEL = "-O";
				VALIDATE_PRODUCT = YES;
			};
			name = Release;
		};
		9B7466F7295EB14C00048887 /* Debug */ = {
			isa = XCBuildConfiguration;
			buildSettings = {
				ASSETCATALOG_COMPILER_APPICON_NAME = AppIcon;
				ASSETCATALOG_COMPILER_GLOBAL_ACCENT_COLOR_NAME = AccentColor;
				CODE_SIGN_STYLE = Automatic;
				CURRENT_PROJECT_VERSION = 1;
				DEVELOPMENT_TEAM = 9LAFQ24GSN;
				GENERATE_INFOPLIST_FILE = YES;
				INFOPLIST_FILE = ExampleTest/Info.plist;
				INFOPLIST_KEY_UIApplicationSupportsIndirectInputEvents = YES;
				INFOPLIST_KEY_UILaunchStoryboardName = LaunchScreen;
				INFOPLIST_KEY_UIMainStoryboardFile = Main;
				INFOPLIST_KEY_UISupportedInterfaceOrientations_iPad = "UIInterfaceOrientationPortrait UIInterfaceOrientationPortraitUpsideDown UIInterfaceOrientationLandscapeLeft UIInterfaceOrientationLandscapeRight";
				INFOPLIST_KEY_UISupportedInterfaceOrientations_iPhone = "UIInterfaceOrientationPortrait UIInterfaceOrientationLandscapeLeft UIInterfaceOrientationLandscapeRight";
				LD_RUNPATH_SEARCH_PATHS = (
					"$(inherited)",
					"@executable_path/Frameworks",
				);
				MARKETING_VERSION = 1.0;
				PRODUCT_BUNDLE_IDENTIFIER = Jason.ExampleTest;
				PRODUCT_NAME = "$(TARGET_NAME)";
				SWIFT_EMIT_LOC_STRINGS = YES;
				SWIFT_VERSION = 5.0;
				TARGETED_DEVICE_FAMILY = "1,2";
			};
			name = Debug;
		};
		9B7466F8295EB14C00048887 /* Release */ = {
			isa = XCBuildConfiguration;
			buildSettings = {
				ASSETCATALOG_COMPILER_APPICON_NAME = AppIcon;
				ASSETCATALOG_COMPILER_GLOBAL_ACCENT_COLOR_NAME = AccentColor;
				CODE_SIGN_STYLE = Automatic;
				CURRENT_PROJECT_VERSION = 1;
				DEVELOPMENT_TEAM = 9LAFQ24GSN;
				GENERATE_INFOPLIST_FILE = YES;
				INFOPLIST_FILE = ExampleTest/Info.plist;
				INFOPLIST_KEY_UIApplicationSupportsIndirectInputEvents = YES;
				INFOPLIST_KEY_UILaunchStoryboardName = LaunchScreen;
				INFOPLIST_KEY_UIMainStoryboardFile = Main;
				INFOPLIST_KEY_UISupportedInterfaceOrientations_iPad = "UIInterfaceOrientationPortrait UIInterfaceOrientationPortraitUpsideDown UIInterfaceOrientationLandscapeLeft UIInterfaceOrientationLandscapeRight";
				INFOPLIST_KEY_UISupportedInterfaceOrientations_iPhone = "UIInterfaceOrientationPortrait UIInterfaceOrientationLandscapeLeft UIInterfaceOrientationLandscapeRight";
				LD_RUNPATH_SEARCH_PATHS = (
					"$(inherited)",
					"@executable_path/Frameworks",
				);
				MARKETING_VERSION = 1.0;
				PRODUCT_BUNDLE_IDENTIFIER = Jason.ExampleTest;
				PRODUCT_NAME = "$(TARGET_NAME)";
				SWIFT_EMIT_LOC_STRINGS = YES;
				SWIFT_VERSION = 5.0;
				TARGETED_DEVICE_FAMILY = "1,2";
			};
			name = Release;
		};
		9B746706295EB15E00048887 /* Debug */ = {
			isa = XCBuildConfiguration;
			buildSettings = {
				CODE_SIGN_STYLE = Automatic;
				CURRENT_PROJECT_VERSION = 1;
				DEVELOPMENT_TEAM = 9LAFQ24GSN;
				GENERATE_INFOPLIST_FILE = YES;
				MARKETING_VERSION = 1.0;
				PRODUCT_BUNDLE_IDENTIFIER = Jason.ExampleTestUITests;
				PRODUCT_NAME = "$(TARGET_NAME)";
				SWIFT_EMIT_LOC_STRINGS = NO;
				SWIFT_VERSION = 5.0;
				TARGETED_DEVICE_FAMILY = "1,2";
				TEST_TARGET_NAME = ExampleTest;
			};
			name = Debug;
		};
		9B746707295EB15E00048887 /* Release */ = {
			isa = XCBuildConfiguration;
			buildSettings = {
				CODE_SIGN_STYLE = Automatic;
				CURRENT_PROJECT_VERSION = 1;
				DEVELOPMENT_TEAM = 9LAFQ24GSN;
				GENERATE_INFOPLIST_FILE = YES;
				MARKETING_VERSION = 1.0;
				PRODUCT_BUNDLE_IDENTIFIER = Jason.ExampleTestUITests;
				PRODUCT_NAME = "$(TARGET_NAME)";
				SWIFT_EMIT_LOC_STRINGS = NO;
				SWIFT_VERSION = 5.0;
				TARGETED_DEVICE_FAMILY = "1,2";
				TEST_TARGET_NAME = ExampleTest;
			};
			name = Release;
		};
/* End XCBuildConfiguration section */

/* Begin XCConfigurationList section */
		9B7466DD295EB14900048887 /* Build configuration list for PBXProject "ExampleTest" */ = {
			isa = XCConfigurationList;
			buildConfigurations = (
				9B7466F4295EB14C00048887 /* Debug */,
				9B7466F5295EB14C00048887 /* Release */,
			);
			defaultConfigurationIsVisible = 0;
			defaultConfigurationName = Release;
		};
		9B7466F6295EB14C00048887 /* Build configuration list for PBXNativeTarget "ExampleTest" */ = {
			isa = XCConfigurationList;
			buildConfigurations = (
				9B7466F7295EB14C00048887 /* Debug */,
				9B7466F8295EB14C00048887 /* Release */,
			);
			defaultConfigurationIsVisible = 0;
			defaultConfigurationName = Release;
		};
		9B746705295EB15E00048887 /* Build configuration list for PBXNativeTarget "ExampleTestUITests" */ = {
			isa = XCConfigurationList;
			buildConfigurations = (
				9B746706295EB15E00048887 /* Debug */,
				9B746707295EB15E00048887 /* Release */,
			);
			defaultConfigurationIsVisible = 0;
			defaultConfigurationName = Release;
		};
/* End XCConfigurationList section */
	};
	rootObject = 9B7466DA295EB14900048887 /* Project object */;
}
